
Microsoft Visual Studio Solution File, Format Version 12.00
# Visual Studio Version 17
VisualStudioVersion = 17.9.34728.123
MinimumVisualStudioVersion = 10.0.40219.1
Project("{9A19103F-16F7-4668-BE54-9A1E7A4F7556}") = "UserProductAPI", "UserProductAPI.csproj", "{DA26506B-3490-4E5E-85D3-B28A0EAFBC45}"
EndProject
Global
	GlobalSection(SolutionConfigurationPlatforms) = preSolution
		Debug|Any CPU = Debug|Any CPU
		Release|Any CPU = Release|Any CPU
	EndGlobalSection
	GlobalSection(ProjectConfigurationPlatforms) = postSolution
		{DA26506B-3490-4E5E-85D3-B28A0EAFBC45}.Debug|Any CPU.ActiveCfg = Debug|Any CPU
		{DA26506B-3490-4E5E-85D3-B28A0EAFBC45}.Debug|Any CPU.Build.0 = Debug|Any CPU
		{DA26506B-3490-4E5E-85D3-B28A0EAFBC45}.Release|Any CPU.ActiveCfg = Release|Any CPU
		{DA26506B-3490-4E5E-85D3-B28A0EAFBC45}.Release|Any CPU.Build.0 = Release|Any CPU
	EndGlobalSection
	GlobalSection(SolutionProperties) = preSolution
		HideSolutionNode = FALSE
	EndGlobalSection
	GlobalSection(ExtensibilityGlobals) = postSolution
		SolutionGuid = {002F039A-B718-4D20-9B33-49CCE34F39A7}
	EndGlobalSection
EndGlobal
